
Microsoft Visual Studio Solution File, Format Version 12.00
# Visual Studio 14
VisualStudioVersion = 14.0.25420.1
MinimumVisualStudioVersion = 10.0.40219.1
Project("{8BC9CEB8-8B4A-11D0-8D11-00A0C91BC942}") = "XSocket", "XSocket\XSocket.vcxproj", "{BB4C80E5-0F84-4029-9C74-45F555218D1F}"
EndProject
Project("{8BC9CEB8-8B4A-11D0-8D11-00A0C91BC942}") = "TCPServer1.0", "TCPServer1.0\TCPServer1.0.vcxproj", "{6561863E-1D5E-4828-A58B-2D2C4183268D}"
EndProject
Project("{8BC9CEB8-8B4A-11D0-8D11-00A0C91BC942}") = "TCPClient1.0", "TCPClient1.0\TCPClient1.0.vcxproj", "{BA807315-E2B9-4B9B-91ED-2598CF61449A}"
EndProject
Project("{8BC9CEB8-8B4A-11D0-8D11-00A0C91BC942}") = "TCPClient2.0", "TCPClient2.0\TCPClient2.0.vcxproj", "{AC140CF6-A5C4-4DB4-87FE-A390EEC0C65D}"
EndProject
Project("{8BC9CEB8-8B4A-11D0-8D11-00A0C91BC942}") = "TCPServer2.0", "TCPServer2.0\TCPServer2.0.vcxproj", "{7AAB0BBA-2EAD-4B1B-B05C-751BEF7811EE}"
EndProject
Project("{8BC9CEB8-8B4A-11D0-8D11-00A0C91BC942}") = "HelloThread", "HelloThread\HelloThread.vcxproj", "{F2B787E7-DDC5-4580-AA2B-9DE93102026A}"
EndProject
Project("{8BC9CEB8-8B4A-11D0-8D11-00A0C91BC942}") = "TCPClient3.0", "TCPClient3.0\TCPClient3.0.vcxproj", "{297C9F14-E00E-4D1A-A386-03C3C5823B33}"
EndProject
Project("{8BC9CEB8-8B4A-11D0-8D11-00A0C91BC942}") = "TCPServer3.0", "TCPServer3.0\TCPServer3.0.vcxproj", "{04F127D7-48FD-4018-A9F7-5104182767BA}"
EndProject
Global
	GlobalSection(SolutionConfigurationPlatforms) = preSolution
		Debug|x64 = Debug|x64
		Debug|x86 = Debug|x86
		Release|x64 = Release|x64
		Release|x86 = Release|x86
	EndGlobalSection
	GlobalSection(ProjectConfigurationPlatforms) = postSolution
		{BB4C80E5-0F84-4029-9C74-45F555218D1F}.Debug|x64.ActiveCfg = Debug|x64
		{BB4C80E5-0F84-4029-9C74-45F555218D1F}.Debug|x64.Build.0 = Debug|x64
		{BB4C80E5-0F84-4029-9C74-45F555218D1F}.Debug|x86.ActiveCfg = Debug|Win32
		{BB4C80E5-0F84-4029-9C74-45F555218D1F}.Debug|x86.Build.0 = Debug|Win32
		{BB4C80E5-0F84-4029-9C74-45F555218D1F}.Release|x64.ActiveCfg = Release|x64
		{BB4C80E5-0F84-4029-9C74-45F555218D1F}.Release|x64.Build.0 = Release|x64
		{BB4C80E5-0F84-4029-9C74-45F555218D1F}.Release|x86.ActiveCfg = Release|Win32
		{BB4C80E5-0F84-4029-9C74-45F555218D1F}.Release|x86.Build.0 = Release|Win32
		{6561863E-1D5E-4828-A58B-2D2C4183268D}.Debug|x64.ActiveCfg = Debug|x64
		{6561863E-1D5E-4828-A58B-2D2C4183268D}.Debug|x64.Build.0 = Debug|x64
		{6561863E-1D5E-4828-A58B-2D2C4183268D}.Debug|x86.ActiveCfg = Debug|Win32
		{6561863E-1D5E-4828-A58B-2D2C4183268D}.Debug|x86.Build.0 = Debug|Win32
		{6561863E-1D5E-4828-A58B-2D2C4183268D}.Release|x64.ActiveCfg = Release|x64
		{6561863E-1D5E-4828-A58B-2D2C4183268D}.Release|x64.Build.0 = Release|x64
		{6561863E-1D5E-4828-A58B-2D2C4183268D}.Release|x86.ActiveCfg = Release|Win32
		{6561863E-1D5E-4828-A58B-2D2C4183268D}.Release|x86.Build.0 = Release|Win32
		{BA807315-E2B9-4B9B-91ED-2598CF61449A}.Debug|x64.ActiveCfg = Debug|x64
		{BA807315-E2B9-4B9B-91ED-2598CF61449A}.Debug|x64.Build.0 = Debug|x64
		{BA807315-E2B9-4B9B-91ED-2598CF61449A}.Debug|x86.ActiveCfg = Debug|Win32
		{BA807315-E2B9-4B9B-91ED-2598CF61449A}.Debug|x86.Build.0 = Debug|Win32
		{BA807315-E2B9-4B9B-91ED-2598CF61449A}.Release|x64.ActiveCfg = Release|x64
		{BA807315-E2B9-4B9B-91ED-2598CF61449A}.Release|x64.Build.0 = Release|x64
		{BA807315-E2B9-4B9B-91ED-2598CF61449A}.Release|x86.ActiveCfg = Release|Win32
		{BA807315-E2B9-4B9B-91ED-2598CF61449A}.Release|x86.Build.0 = Release|Win32
		{AC140CF6-A5C4-4DB4-87FE-A390EEC0C65D}.Debug|x64.ActiveCfg = Debug|x64
		{AC140CF6-A5C4-4DB4-87FE-A390EEC0C65D}.Debug|x64.Build.0 = Debug|x64
		{AC140CF6-A5C4-4DB4-87FE-A390EEC0C65D}.Debug|x86.ActiveCfg = Debug|Win32
		{AC140CF6-A5C4-4DB4-87FE-A390EEC0C65D}.Debug|x86.Build.0 = Debug|Win32
		{AC140CF6-A5C4-4DB4-87FE-A390EEC0C65D}.Release|x64.ActiveCfg = Release|x64
		{AC140CF6-A5C4-4DB4-87FE-A390EEC0C65D}.Release|x64.Build.0 = Release|x64
		{AC140CF6-A5C4-4DB4-87FE-A390EEC0C65D}.Release|x86.ActiveCfg = Release|Win32
		{AC140CF6-A5C4-4DB4-87FE-A390EEC0C65D}.Release|x86.Build.0 = Release|Win32
		{7AAB0BBA-2EAD-4B1B-B05C-751BEF7811EE}.Debug|x64.ActiveCfg = Debug|x64
		{7AAB0BBA-2EAD-4B1B-B05C-751BEF7811EE}.Debug|x64.Build.0 = Debug|x64
		{7AAB0BBA-2EAD-4B1B-B05C-751BEF7811EE}.Debug|x86.ActiveCfg = Debug|Win32
		{7AAB0BBA-2EAD-4B1B-B05C-751BEF7811EE}.Debug|x86.Build.0 = Debug|Win32
		{7AAB0BBA-2EAD-4B1B-B05C-751BEF7811EE}.Release|x64.ActiveCfg = Release|x64
		{7AAB0BBA-2EAD-4B1B-B05C-751BEF7811EE}.Release|x64.Build.0 = Release|x64
		{7AAB0BBA-2EAD-4B1B-B05C-751BEF7811EE}.Release|x86.ActiveCfg = Release|Win32
		{7AAB0BBA-2EAD-4B1B-B05C-751BEF7811EE}.Release|x86.Build.0 = Release|Win32
		{F2B787E7-DDC5-4580-AA2B-9DE93102026A}.Debug|x64.ActiveCfg = Debug|x64
		{F2B787E7-DDC5-4580-AA2B-9DE93102026A}.Debug|x64.Build.0 = Debug|x64
		{F2B787E7-DDC5-4580-AA2B-9DE93102026A}.Debug|x86.ActiveCfg = Debug|Win32
		{F2B787E7-DDC5-4580-AA2B-9DE93102026A}.Debug|x86.Build.0 = Debug|Win32
		{F2B787E7-DDC5-4580-AA2B-9DE93102026A}.Release|x64.ActiveCfg = Release|x64
		{F2B787E7-DDC5-4580-AA2B-9DE93102026A}.Release|x64.Build.0 = Release|x64
		{F2B787E7-DDC5-4580-AA2B-9DE93102026A}.Release|x86.ActiveCfg = Release|Win32
		{F2B787E7-DDC5-4580-AA2B-9DE93102026A}.Release|x86.Build.0 = Release|Win32
		{297C9F14-E00E-4D1A-A386-03C3C5823B33}.Debug|x64.ActiveCfg = Debug|x64
		{297C9F14-E00E-4D1A-A386-03C3C5823B33}.Debug|x64.Build.0 = Debug|x64
		{297C9F14-E00E-4D1A-A386-03C3C5823B33}.Debug|x86.ActiveCfg = Debug|Win32
		{297C9F14-E00E-4D1A-A386-03C3C5823B33}.Debug|x86.Build.0 = Debug|Win32
		{297C9F14-E00E-4D1A-A386-03C3C5823B33}.Release|x64.ActiveCfg = Release|x64
		{297C9F14-E00E-4D1A-A386-03C3C5823B33}.Release|x64.Build.0 = Release|x64
		{297C9F14-E00E-4D1A-A386-03C3C5823B33}.Release|x86.ActiveCfg = Release|Win32
		{297C9F14-E00E-4D1A-A386-03C3C5823B33}.Release|x86.Build.0 = Release|Win32
		{04F127D7-48FD-4018-A9F7-5104182767BA}.Debug|x64.ActiveCfg = Debug|x64
		{04F127D7-48FD-4018-A9F7-5104182767BA}.Debug|x64.Build.0 = Debug|x64
		{04F127D7-48FD-4018-A9F7-5104182767BA}.Debug|x86.ActiveCfg = Debug|Win32
		{04F127D7-48FD-4018-A9F7-5104182767BA}.Debug|x86.Build.0 = Debug|Win32
		{04F127D7-48FD-4018-A9F7-5104182767BA}.Release|x64.ActiveCfg = Release|x64
		{04F127D7-48FD-4018-A9F7-5104182767BA}.Release|x64.Build.0 = Release|x64
		{04F127D7-48FD-4018-A9F7-5104182767BA}.Release|x86.ActiveCfg = Release|Win32
		{04F127D7-48FD-4018-A9F7-5104182767BA}.Release|x86.Build.0 = Release|Win32
	EndGlobalSection
	GlobalSection(SolutionProperties) = preSolution
		HideSolutionNode = FALSE
	EndGlobalSection
EndGlobal
