
Microsoft Visual Studio Solution File, Format Version 12.00
# Visual Studio 14
VisualStudioVersion = 14.0.25420.1
MinimumVisualStudioVersion = 10.0.40219.1
Project("{8BC9CEB8-8B4A-11D0-8D11-00A0C91BC942}") = "XSocket", "XSocket\XSocket.vcxproj", "{BB4C80E5-0F84-4029-9C74-45F555218D1F}"
EndProject
Project("{8BC9CEB8-8B4A-11D0-8D11-00A0C91BC942}") = "TCPServer1.0", "TCPServer1.0\TCPServer1.0.vcxproj", "{6561863E-1D5E-4828-A58B-2D2C4183268D}"
EndProject
Project("{8BC9CEB8-8B4A-11D0-8D11-00A0C91BC942}") = "TCPClient1.0", "TCPClient1.0\TCPClient1.0.vcxproj", "{BA807315-E2B9-4B9B-91ED-2598CF61449A}"
EndProject
Project("{8BC9CEB8-8B4A-11D0-8D11-00A0C91BC942}") = "TCPClient2.0", "TCPClient2.0\TCPClient2.0.vcxproj", "{AC140CF6-A5C4-4DB4-87FE-A390EEC0C65D}"
EndProject
Project("{8BC9CEB8-8B4A-11D0-8D11-00A0C91BC942}") = "TCPServer2.0", "TCPServer2.0\TCPServer2.0.vcxproj", "{7AAB0BBA-2EAD-4B1B-B05C-751BEF7811EE}"
EndProject
Project("{8BC9CEB8-8B4A-11D0-8D11-00A0C91BC942}") = "HelloThread", "HelloThread\HelloThread.vcxproj", "{F2B787E7-DDC5-4580-AA2B-9DE93102026A}"
EndProject
Project("{8BC9CEB8-8B4A-11D0-8D11-00A0C91BC942}") = "TCPClient3.0", "TCPClient3.0\TCPClient3.0.vcxproj", "{297C9F14-E00E-4D1A-A386-03C3C5823B33}"
EndProject
Project("{8BC9CEB8-8B4A-11D0-8D11-00A0C91BC942}") = "TCPServer3.0", "TCPServer3.0\TCPServer3.0.vcxproj", "{04F127D7-48FD-4018-A9F7-5104182767BA}"
EndProject
Project("{8BC9CEB8-8B4A-11D0-8D11-00A0C91BC942}") = "HelloMemory", "HelloMemory\HelloMemory.vcxproj", "{0C3A7F68-B0CC-44D6-AF9D-08E922B950E2}"
EndProject
Project("{8BC9CEB8-8B4A-11D0-8D11-00A0C91BC942}") = "HelloPointer", "HelloPointer\HelloPointer.vcxproj", "{168D28B9-E328-41CD-BF6A-48F0955B1419}"
EndProject
Project("{8BC9CEB8-8B4A-11D0-8D11-00A0C91BC942}") = "HelloObject", "HelloObject\HelloObject.vcxproj", "{40F48FCB-BD09-474E-BC35-27CC0D13DA89}"
EndProject
Project("{8BC9CEB8-8B4A-11D0-8D11-00A0C91BC942}") = "HelloCpp", "HelloCpp\HelloCpp.vcxproj", "{C2E21B87-33A9-4757-9EA9-0AEC457DB6D9}"
EndProject
Project("{8BC9CEB8-8B4A-11D0-8D11-00A0C91BC942}") = "HelloMariaDB", "HelloMariaDB\HelloMariaDB.vcxproj", "{4CF4B72A-9922-4274-8FF9-F073304C3073}"
EndProject
Project("{8BC9CEB8-8B4A-11D0-8D11-00A0C91BC942}") = "HelloByteStream", "HelloByteStream\HelloByteStream.vcxproj", "{754F503C-0FFC-489F-B65C-8866015B9BCF}"
EndProject
Project("{8BC9CEB8-8B4A-11D0-8D11-00A0C91BC942}") = "U3DPlugin", "U3DPlugin\U3DPlugin.vcxproj", "{9E1EF0D0-783E-4EE5-BB30-9026B0D976F6}"
EndProject
Project("{8BC9CEB8-8B4A-11D0-8D11-00A0C91BC942}") = "TCPClient4.0", "TCPClient4.0\TCPClient4.0.vcxproj", "{3F357176-852A-459B-B4EF-D8CCE18B2E11}"
EndProject
Project("{8BC9CEB8-8B4A-11D0-8D11-00A0C91BC942}") = "U3DPluginDemo", "U3DPluginDemo\U3DPluginDemo.vcxproj", "{1DB879EF-251D-4EA2-8F47-C0F216BF9FD1}"
EndProject
Project("{8BC9CEB8-8B4A-11D0-8D11-00A0C91BC942}") = "U3DPluginForAndroid", "U3DPluginForAndroid\U3DPluginForAndroid.vcxproj", "{9E4AFB56-6EE2-4CBA-B929-74BC287A8D28}"
EndProject
Global
	GlobalSection(SolutionConfigurationPlatforms) = preSolution
		Debug|ARM = Debug|ARM
		Debug|ARM64 = Debug|ARM64
		Debug|x64 = Debug|x64
		Debug|x86 = Debug|x86
		Release|ARM = Release|ARM
		Release|ARM64 = Release|ARM64
		Release|x64 = Release|x64
		Release|x86 = Release|x86
	EndGlobalSection
	GlobalSection(ProjectConfigurationPlatforms) = postSolution
		{BB4C80E5-0F84-4029-9C74-45F555218D1F}.Debug|ARM.ActiveCfg = Debug|Win32
		{BB4C80E5-0F84-4029-9C74-45F555218D1F}.Debug|ARM64.ActiveCfg = Debug|Win32
		{BB4C80E5-0F84-4029-9C74-45F555218D1F}.Debug|x64.ActiveCfg = Debug|x64
		{BB4C80E5-0F84-4029-9C74-45F555218D1F}.Debug|x64.Build.0 = Debug|x64
		{BB4C80E5-0F84-4029-9C74-45F555218D1F}.Debug|x86.ActiveCfg = Debug|Win32
		{BB4C80E5-0F84-4029-9C74-45F555218D1F}.Debug|x86.Build.0 = Debug|Win32
		{BB4C80E5-0F84-4029-9C74-45F555218D1F}.Release|ARM.ActiveCfg = Release|Win32
		{BB4C80E5-0F84-4029-9C74-45F555218D1F}.Release|ARM64.ActiveCfg = Release|Win32
		{BB4C80E5-0F84-4029-9C74-45F555218D1F}.Release|x64.ActiveCfg = Release|x64
		{BB4C80E5-0F84-4029-9C74-45F555218D1F}.Release|x64.Build.0 = Release|x64
		{BB4C80E5-0F84-4029-9C74-45F555218D1F}.Release|x86.ActiveCfg = Release|Win32
		{BB4C80E5-0F84-4029-9C74-45F555218D1F}.Release|x86.Build.0 = Release|Win32
		{6561863E-1D5E-4828-A58B-2D2C4183268D}.Debug|ARM.ActiveCfg = Debug|Win32
		{6561863E-1D5E-4828-A58B-2D2C4183268D}.Debug|ARM64.ActiveCfg = Debug|Win32
		{6561863E-1D5E-4828-A58B-2D2C4183268D}.Debug|x64.ActiveCfg = Debug|x64
		{6561863E-1D5E-4828-A58B-2D2C4183268D}.Debug|x64.Build.0 = Debug|x64
		{6561863E-1D5E-4828-A58B-2D2C4183268D}.Debug|x86.ActiveCfg = Debug|Win32
		{6561863E-1D5E-4828-A58B-2D2C4183268D}.Debug|x86.Build.0 = Debug|Win32
		{6561863E-1D5E-4828-A58B-2D2C4183268D}.Release|ARM.ActiveCfg = Release|Win32
		{6561863E-1D5E-4828-A58B-2D2C4183268D}.Release|ARM64.ActiveCfg = Release|Win32
		{6561863E-1D5E-4828-A58B-2D2C4183268D}.Release|x64.ActiveCfg = Release|x64
		{6561863E-1D5E-4828-A58B-2D2C4183268D}.Release|x64.Build.0 = Release|x64
		{6561863E-1D5E-4828-A58B-2D2C4183268D}.Release|x86.ActiveCfg = Release|Win32
		{6561863E-1D5E-4828-A58B-2D2C4183268D}.Release|x86.Build.0 = Release|Win32
		{BA807315-E2B9-4B9B-91ED-2598CF61449A}.Debug|ARM.ActiveCfg = Debug|Win32
		{BA807315-E2B9-4B9B-91ED-2598CF61449A}.Debug|ARM64.ActiveCfg = Debug|Win32
		{BA807315-E2B9-4B9B-91ED-2598CF61449A}.Debug|x64.ActiveCfg = Debug|x64
		{BA807315-E2B9-4B9B-91ED-2598CF61449A}.Debug|x64.Build.0 = Debug|x64
		{BA807315-E2B9-4B9B-91ED-2598CF61449A}.Debug|x86.ActiveCfg = Debug|Win32
		{BA807315-E2B9-4B9B-91ED-2598CF61449A}.Debug|x86.Build.0 = Debug|Win32
		{BA807315-E2B9-4B9B-91ED-2598CF61449A}.Release|ARM.ActiveCfg = Release|Win32
		{BA807315-E2B9-4B9B-91ED-2598CF61449A}.Release|ARM64.ActiveCfg = Release|Win32
		{BA807315-E2B9-4B9B-91ED-2598CF61449A}.Release|x64.ActiveCfg = Release|x64
		{BA807315-E2B9-4B9B-91ED-2598CF61449A}.Release|x64.Build.0 = Release|x64
		{BA807315-E2B9-4B9B-91ED-2598CF61449A}.Release|x86.ActiveCfg = Release|Win32
		{BA807315-E2B9-4B9B-91ED-2598CF61449A}.Release|x86.Build.0 = Release|Win32
		{AC140CF6-A5C4-4DB4-87FE-A390EEC0C65D}.Debug|ARM.ActiveCfg = Debug|Win32
		{AC140CF6-A5C4-4DB4-87FE-A390EEC0C65D}.Debug|ARM64.ActiveCfg = Debug|Win32
		{AC140CF6-A5C4-4DB4-87FE-A390EEC0C65D}.Debug|x64.ActiveCfg = Debug|x64
		{AC140CF6-A5C4-4DB4-87FE-A390EEC0C65D}.Debug|x64.Build.0 = Debug|x64
		{AC140CF6-A5C4-4DB4-87FE-A390EEC0C65D}.Debug|x86.ActiveCfg = Debug|Win32
		{AC140CF6-A5C4-4DB4-87FE-A390EEC0C65D}.Debug|x86.Build.0 = Debug|Win32
		{AC140CF6-A5C4-4DB4-87FE-A390EEC0C65D}.Release|ARM.ActiveCfg = Release|Win32
		{AC140CF6-A5C4-4DB4-87FE-A390EEC0C65D}.Release|ARM64.ActiveCfg = Release|Win32
		{AC140CF6-A5C4-4DB4-87FE-A390EEC0C65D}.Release|x64.ActiveCfg = Release|x64
		{AC140CF6-A5C4-4DB4-87FE-A390EEC0C65D}.Release|x64.Build.0 = Release|x64
		{AC140CF6-A5C4-4DB4-87FE-A390EEC0C65D}.Release|x86.ActiveCfg = Release|Win32
		{AC140CF6-A5C4-4DB4-87FE-A390EEC0C65D}.Release|x86.Build.0 = Release|Win32
		{7AAB0BBA-2EAD-4B1B-B05C-751BEF7811EE}.Debug|ARM.ActiveCfg = Debug|Win32
		{7AAB0BBA-2EAD-4B1B-B05C-751BEF7811EE}.Debug|ARM64.ActiveCfg = Debug|Win32
		{7AAB0BBA-2EAD-4B1B-B05C-751BEF7811EE}.Debug|x64.ActiveCfg = Debug|x64
		{7AAB0BBA-2EAD-4B1B-B05C-751BEF7811EE}.Debug|x64.Build.0 = Debug|x64
		{7AAB0BBA-2EAD-4B1B-B05C-751BEF7811EE}.Debug|x86.ActiveCfg = Debug|Win32
		{7AAB0BBA-2EAD-4B1B-B05C-751BEF7811EE}.Debug|x86.Build.0 = Debug|Win32
		{7AAB0BBA-2EAD-4B1B-B05C-751BEF7811EE}.Release|ARM.ActiveCfg = Release|Win32
		{7AAB0BBA-2EAD-4B1B-B05C-751BEF7811EE}.Release|ARM64.ActiveCfg = Release|Win32
		{7AAB0BBA-2EAD-4B1B-B05C-751BEF7811EE}.Release|x64.ActiveCfg = Release|x64
		{7AAB0BBA-2EAD-4B1B-B05C-751BEF7811EE}.Release|x64.Build.0 = Release|x64
		{7AAB0BBA-2EAD-4B1B-B05C-751BEF7811EE}.Release|x86.ActiveCfg = Release|Win32
		{7AAB0BBA-2EAD-4B1B-B05C-751BEF7811EE}.Release|x86.Build.0 = Release|Win32
		{F2B787E7-DDC5-4580-AA2B-9DE93102026A}.Debug|ARM.ActiveCfg = Debug|Win32
		{F2B787E7-DDC5-4580-AA2B-9DE93102026A}.Debug|ARM64.ActiveCfg = Debug|Win32
		{F2B787E7-DDC5-4580-AA2B-9DE93102026A}.Debug|x64.ActiveCfg = Debug|x64
		{F2B787E7-DDC5-4580-AA2B-9DE93102026A}.Debug|x64.Build.0 = Debug|x64
		{F2B787E7-DDC5-4580-AA2B-9DE93102026A}.Debug|x86.ActiveCfg = Debug|Win32
		{F2B787E7-DDC5-4580-AA2B-9DE93102026A}.Debug|x86.Build.0 = Debug|Win32
		{F2B787E7-DDC5-4580-AA2B-9DE93102026A}.Release|ARM.ActiveCfg = Release|Win32
		{F2B787E7-DDC5-4580-AA2B-9DE93102026A}.Release|ARM64.ActiveCfg = Release|Win32
		{F2B787E7-DDC5-4580-AA2B-9DE93102026A}.Release|x64.ActiveCfg = Release|x64
		{F2B787E7-DDC5-4580-AA2B-9DE93102026A}.Release|x64.Build.0 = Release|x64
		{F2B787E7-DDC5-4580-AA2B-9DE93102026A}.Release|x86.ActiveCfg = Release|Win32
		{F2B787E7-DDC5-4580-AA2B-9DE93102026A}.Release|x86.Build.0 = Release|Win32
		{297C9F14-E00E-4D1A-A386-03C3C5823B33}.Debug|ARM.ActiveCfg = Debug|Win32
		{297C9F14-E00E-4D1A-A386-03C3C5823B33}.Debug|ARM64.ActiveCfg = Debug|Win32
		{297C9F14-E00E-4D1A-A386-03C3C5823B33}.Debug|x64.ActiveCfg = Debug|x64
		{297C9F14-E00E-4D1A-A386-03C3C5823B33}.Debug|x64.Build.0 = Debug|x64
		{297C9F14-E00E-4D1A-A386-03C3C5823B33}.Debug|x86.ActiveCfg = Debug|Win32
		{297C9F14-E00E-4D1A-A386-03C3C5823B33}.Debug|x86.Build.0 = Debug|Win32
		{297C9F14-E00E-4D1A-A386-03C3C5823B33}.Release|ARM.ActiveCfg = Release|Win32
		{297C9F14-E00E-4D1A-A386-03C3C5823B33}.Release|ARM64.ActiveCfg = Release|Win32
		{297C9F14-E00E-4D1A-A386-03C3C5823B33}.Release|x64.ActiveCfg = Release|x64
		{297C9F14-E00E-4D1A-A386-03C3C5823B33}.Release|x64.Build.0 = Release|x64
		{297C9F14-E00E-4D1A-A386-03C3C5823B33}.Release|x86.ActiveCfg = Release|Win32
		{297C9F14-E00E-4D1A-A386-03C3C5823B33}.Release|x86.Build.0 = Release|Win32
		{04F127D7-48FD-4018-A9F7-5104182767BA}.Debug|ARM.ActiveCfg = Debug|Win32
		{04F127D7-48FD-4018-A9F7-5104182767BA}.Debug|ARM64.ActiveCfg = Debug|Win32
		{04F127D7-48FD-4018-A9F7-5104182767BA}.Debug|x64.ActiveCfg = Debug|x64
		{04F127D7-48FD-4018-A9F7-5104182767BA}.Debug|x64.Build.0 = Debug|x64
		{04F127D7-48FD-4018-A9F7-5104182767BA}.Debug|x86.ActiveCfg = Debug|Win32
		{04F127D7-48FD-4018-A9F7-5104182767BA}.Debug|x86.Build.0 = Debug|Win32
		{04F127D7-48FD-4018-A9F7-5104182767BA}.Release|ARM.ActiveCfg = Release|Win32
		{04F127D7-48FD-4018-A9F7-5104182767BA}.Release|ARM64.ActiveCfg = Release|Win32
		{04F127D7-48FD-4018-A9F7-5104182767BA}.Release|x64.ActiveCfg = Release|x64
		{04F127D7-48FD-4018-A9F7-5104182767BA}.Release|x64.Build.0 = Release|x64
		{04F127D7-48FD-4018-A9F7-5104182767BA}.Release|x86.ActiveCfg = Release|Win32
		{04F127D7-48FD-4018-A9F7-5104182767BA}.Release|x86.Build.0 = Release|Win32
		{0C3A7F68-B0CC-44D6-AF9D-08E922B950E2}.Debug|ARM.ActiveCfg = Debug|Win32
		{0C3A7F68-B0CC-44D6-AF9D-08E922B950E2}.Debug|ARM64.ActiveCfg = Debug|Win32
		{0C3A7F68-B0CC-44D6-AF9D-08E922B950E2}.Debug|x64.ActiveCfg = Debug|x64
		{0C3A7F68-B0CC-44D6-AF9D-08E922B950E2}.Debug|x64.Build.0 = Debug|x64
		{0C3A7F68-B0CC-44D6-AF9D-08E922B950E2}.Debug|x86.ActiveCfg = Debug|Win32
		{0C3A7F68-B0CC-44D6-AF9D-08E922B950E2}.Debug|x86.Build.0 = Debug|Win32
		{0C3A7F68-B0CC-44D6-AF9D-08E922B950E2}.Release|ARM.ActiveCfg = Release|Win32
		{0C3A7F68-B0CC-44D6-AF9D-08E922B950E2}.Release|ARM64.ActiveCfg = Release|Win32
		{0C3A7F68-B0CC-44D6-AF9D-08E922B950E2}.Release|x64.ActiveCfg = Release|x64
		{0C3A7F68-B0CC-44D6-AF9D-08E922B950E2}.Release|x64.Build.0 = Release|x64
		{0C3A7F68-B0CC-44D6-AF9D-08E922B950E2}.Release|x86.ActiveCfg = Release|Win32
		{0C3A7F68-B0CC-44D6-AF9D-08E922B950E2}.Release|x86.Build.0 = Release|Win32
		{168D28B9-E328-41CD-BF6A-48F0955B1419}.Debug|ARM.ActiveCfg = Debug|Win32
		{168D28B9-E328-41CD-BF6A-48F0955B1419}.Debug|ARM64.ActiveCfg = Debug|Win32
		{168D28B9-E328-41CD-BF6A-48F0955B1419}.Debug|x64.ActiveCfg = Debug|x64
		{168D28B9-E328-41CD-BF6A-48F0955B1419}.Debug|x64.Build.0 = Debug|x64
		{168D28B9-E328-41CD-BF6A-48F0955B1419}.Debug|x86.ActiveCfg = Debug|Win32
		{168D28B9-E328-41CD-BF6A-48F0955B1419}.Debug|x86.Build.0 = Debug|Win32
		{168D28B9-E328-41CD-BF6A-48F0955B1419}.Release|ARM.ActiveCfg = Release|Win32
		{168D28B9-E328-41CD-BF6A-48F0955B1419}.Release|ARM64.ActiveCfg = Release|Win32
		{168D28B9-E328-41CD-BF6A-48F0955B1419}.Release|x64.ActiveCfg = Release|x64
		{168D28B9-E328-41CD-BF6A-48F0955B1419}.Release|x64.Build.0 = Release|x64
		{168D28B9-E328-41CD-BF6A-48F0955B1419}.Release|x86.ActiveCfg = Release|Win32
		{168D28B9-E328-41CD-BF6A-48F0955B1419}.Release|x86.Build.0 = Release|Win32
		{40F48FCB-BD09-474E-BC35-27CC0D13DA89}.Debug|ARM.ActiveCfg = Debug|Win32
		{40F48FCB-BD09-474E-BC35-27CC0D13DA89}.Debug|ARM64.ActiveCfg = Debug|Win32
		{40F48FCB-BD09-474E-BC35-27CC0D13DA89}.Debug|x64.ActiveCfg = Debug|x64
		{40F48FCB-BD09-474E-BC35-27CC0D13DA89}.Debug|x64.Build.0 = Debug|x64
		{40F48FCB-BD09-474E-BC35-27CC0D13DA89}.Debug|x86.ActiveCfg = Debug|Win32
		{40F48FCB-BD09-474E-BC35-27CC0D13DA89}.Debug|x86.Build.0 = Debug|Win32
		{40F48FCB-BD09-474E-BC35-27CC0D13DA89}.Release|ARM.ActiveCfg = Release|Win32
		{40F48FCB-BD09-474E-BC35-27CC0D13DA89}.Release|ARM64.ActiveCfg = Release|Win32
		{40F48FCB-BD09-474E-BC35-27CC0D13DA89}.Release|x64.ActiveCfg = Release|x64
		{40F48FCB-BD09-474E-BC35-27CC0D13DA89}.Release|x64.Build.0 = Release|x64
		{40F48FCB-BD09-474E-BC35-27CC0D13DA89}.Release|x86.ActiveCfg = Release|Win32
		{40F48FCB-BD09-474E-BC35-27CC0D13DA89}.Release|x86.Build.0 = Release|Win32
		{C2E21B87-33A9-4757-9EA9-0AEC457DB6D9}.Debug|ARM.ActiveCfg = Debug|Win32
		{C2E21B87-33A9-4757-9EA9-0AEC457DB6D9}.Debug|ARM64.ActiveCfg = Debug|Win32
		{C2E21B87-33A9-4757-9EA9-0AEC457DB6D9}.Debug|x64.ActiveCfg = Debug|x64
		{C2E21B87-33A9-4757-9EA9-0AEC457DB6D9}.Debug|x64.Build.0 = Debug|x64
		{C2E21B87-33A9-4757-9EA9-0AEC457DB6D9}.Debug|x86.ActiveCfg = Debug|Win32
		{C2E21B87-33A9-4757-9EA9-0AEC457DB6D9}.Debug|x86.Build.0 = Debug|Win32
		{C2E21B87-33A9-4757-9EA9-0AEC457DB6D9}.Release|ARM.ActiveCfg = Release|Win32
		{C2E21B87-33A9-4757-9EA9-0AEC457DB6D9}.Release|ARM64.ActiveCfg = Release|Win32
		{C2E21B87-33A9-4757-9EA9-0AEC457DB6D9}.Release|x64.ActiveCfg = Release|x64
		{C2E21B87-33A9-4757-9EA9-0AEC457DB6D9}.Release|x64.Build.0 = Release|x64
		{C2E21B87-33A9-4757-9EA9-0AEC457DB6D9}.Release|x86.ActiveCfg = Release|Win32
		{C2E21B87-33A9-4757-9EA9-0AEC457DB6D9}.Release|x86.Build.0 = Release|Win32
		{4CF4B72A-9922-4274-8FF9-F073304C3073}.Debug|ARM.ActiveCfg = Debug|Win32
		{4CF4B72A-9922-4274-8FF9-F073304C3073}.Debug|ARM64.ActiveCfg = Debug|Win32
		{4CF4B72A-9922-4274-8FF9-F073304C3073}.Debug|x64.ActiveCfg = Debug|x64
		{4CF4B72A-9922-4274-8FF9-F073304C3073}.Debug|x64.Build.0 = Debug|x64
		{4CF4B72A-9922-4274-8FF9-F073304C3073}.Debug|x86.ActiveCfg = Debug|Win32
		{4CF4B72A-9922-4274-8FF9-F073304C3073}.Debug|x86.Build.0 = Debug|Win32
		{4CF4B72A-9922-4274-8FF9-F073304C3073}.Release|ARM.ActiveCfg = Release|Win32
		{4CF4B72A-9922-4274-8FF9-F073304C3073}.Release|ARM64.ActiveCfg = Release|Win32
		{4CF4B72A-9922-4274-8FF9-F073304C3073}.Release|x64.ActiveCfg = Release|x64
		{4CF4B72A-9922-4274-8FF9-F073304C3073}.Release|x64.Build.0 = Release|x64
		{4CF4B72A-9922-4274-8FF9-F073304C3073}.Release|x86.ActiveCfg = Release|Win32
		{4CF4B72A-9922-4274-8FF9-F073304C3073}.Release|x86.Build.0 = Release|Win32
		{754F503C-0FFC-489F-B65C-8866015B9BCF}.Debug|ARM.ActiveCfg = Debug|Win32
		{754F503C-0FFC-489F-B65C-8866015B9BCF}.Debug|ARM64.ActiveCfg = Debug|Win32
		{754F503C-0FFC-489F-B65C-8866015B9BCF}.Debug|x64.ActiveCfg = Debug|x64
		{754F503C-0FFC-489F-B65C-8866015B9BCF}.Debug|x64.Build.0 = Debug|x64
		{754F503C-0FFC-489F-B65C-8866015B9BCF}.Debug|x86.ActiveCfg = Debug|Win32
		{754F503C-0FFC-489F-B65C-8866015B9BCF}.Debug|x86.Build.0 = Debug|Win32
		{754F503C-0FFC-489F-B65C-8866015B9BCF}.Release|ARM.ActiveCfg = Release|Win32
		{754F503C-0FFC-489F-B65C-8866015B9BCF}.Release|ARM64.ActiveCfg = Release|Win32
		{754F503C-0FFC-489F-B65C-8866015B9BCF}.Release|x64.ActiveCfg = Release|x64
		{754F503C-0FFC-489F-B65C-8866015B9BCF}.Release|x64.Build.0 = Release|x64
		{754F503C-0FFC-489F-B65C-8866015B9BCF}.Release|x86.ActiveCfg = Release|Win32
		{754F503C-0FFC-489F-B65C-8866015B9BCF}.Release|x86.Build.0 = Release|Win32
		{9E1EF0D0-783E-4EE5-BB30-9026B0D976F6}.Debug|ARM.ActiveCfg = Debug|Win32
		{9E1EF0D0-783E-4EE5-BB30-9026B0D976F6}.Debug|ARM64.ActiveCfg = Debug|Win32
		{9E1EF0D0-783E-4EE5-BB30-9026B0D976F6}.Debug|x64.ActiveCfg = Debug|x64
		{9E1EF0D0-783E-4EE5-BB30-9026B0D976F6}.Debug|x64.Build.0 = Debug|x64
		{9E1EF0D0-783E-4EE5-BB30-9026B0D976F6}.Debug|x86.ActiveCfg = Debug|Win32
		{9E1EF0D0-783E-4EE5-BB30-9026B0D976F6}.Debug|x86.Build.0 = Debug|Win32
		{9E1EF0D0-783E-4EE5-BB30-9026B0D976F6}.Release|ARM.ActiveCfg = Release|Win32
		{9E1EF0D0-783E-4EE5-BB30-9026B0D976F6}.Release|ARM64.ActiveCfg = Release|Win32
		{9E1EF0D0-783E-4EE5-BB30-9026B0D976F6}.Release|x64.ActiveCfg = Release|x64
		{9E1EF0D0-783E-4EE5-BB30-9026B0D976F6}.Release|x64.Build.0 = Release|x64
		{9E1EF0D0-783E-4EE5-BB30-9026B0D976F6}.Release|x86.ActiveCfg = Release|Win32
		{9E1EF0D0-783E-4EE5-BB30-9026B0D976F6}.Release|x86.Build.0 = Release|Win32
		{3F357176-852A-459B-B4EF-D8CCE18B2E11}.Debug|ARM.ActiveCfg = Debug|Win32
		{3F357176-852A-459B-B4EF-D8CCE18B2E11}.Debug|ARM64.ActiveCfg = Debug|Win32
		{3F357176-852A-459B-B4EF-D8CCE18B2E11}.Debug|x64.ActiveCfg = Debug|x64
		{3F357176-852A-459B-B4EF-D8CCE18B2E11}.Debug|x64.Build.0 = Debug|x64
		{3F357176-852A-459B-B4EF-D8CCE18B2E11}.Debug|x86.ActiveCfg = Debug|Win32
		{3F357176-852A-459B-B4EF-D8CCE18B2E11}.Debug|x86.Build.0 = Debug|Win32
		{3F357176-852A-459B-B4EF-D8CCE18B2E11}.Release|ARM.ActiveCfg = Release|Win32
		{3F357176-852A-459B-B4EF-D8CCE18B2E11}.Release|ARM64.ActiveCfg = Release|Win32
		{3F357176-852A-459B-B4EF-D8CCE18B2E11}.Release|x64.ActiveCfg = Release|x64
		{3F357176-852A-459B-B4EF-D8CCE18B2E11}.Release|x64.Build.0 = Release|x64
		{3F357176-852A-459B-B4EF-D8CCE18B2E11}.Release|x86.ActiveCfg = Release|Win32
		{3F357176-852A-459B-B4EF-D8CCE18B2E11}.Release|x86.Build.0 = Release|Win32
		{1DB879EF-251D-4EA2-8F47-C0F216BF9FD1}.Debug|ARM.ActiveCfg = Debug|Win32
		{1DB879EF-251D-4EA2-8F47-C0F216BF9FD1}.Debug|ARM64.ActiveCfg = Debug|Win32
		{1DB879EF-251D-4EA2-8F47-C0F216BF9FD1}.Debug|x64.ActiveCfg = Debug|x64
		{1DB879EF-251D-4EA2-8F47-C0F216BF9FD1}.Debug|x64.Build.0 = Debug|x64
		{1DB879EF-251D-4EA2-8F47-C0F216BF9FD1}.Debug|x86.ActiveCfg = Debug|Win32
		{1DB879EF-251D-4EA2-8F47-C0F216BF9FD1}.Debug|x86.Build.0 = Debug|Win32
		{1DB879EF-251D-4EA2-8F47-C0F216BF9FD1}.Release|ARM.ActiveCfg = Release|Win32
		{1DB879EF-251D-4EA2-8F47-C0F216BF9FD1}.Release|ARM64.ActiveCfg = Release|Win32
		{1DB879EF-251D-4EA2-8F47-C0F216BF9FD1}.Release|x64.ActiveCfg = Release|x64
		{1DB879EF-251D-4EA2-8F47-C0F216BF9FD1}.Release|x64.Build.0 = Release|x64
		{1DB879EF-251D-4EA2-8F47-C0F216BF9FD1}.Release|x86.ActiveCfg = Release|Win32
		{1DB879EF-251D-4EA2-8F47-C0F216BF9FD1}.Release|x86.Build.0 = Release|Win32
		{9E4AFB56-6EE2-4CBA-B929-74BC287A8D28}.Debug|ARM.ActiveCfg = Debug|ARM
		{9E4AFB56-6EE2-4CBA-B929-74BC287A8D28}.Debug|ARM.Build.0 = Debug|ARM
		{9E4AFB56-6EE2-4CBA-B929-74BC287A8D28}.Debug|ARM64.ActiveCfg = Debug|ARM64
		{9E4AFB56-6EE2-4CBA-B929-74BC287A8D28}.Debug|ARM64.Build.0 = Debug|ARM64
		{9E4AFB56-6EE2-4CBA-B929-74BC287A8D28}.Debug|x64.ActiveCfg = Debug|x64
		{9E4AFB56-6EE2-4CBA-B929-74BC287A8D28}.Debug|x64.Build.0 = Debug|x64
		{9E4AFB56-6EE2-4CBA-B929-74BC287A8D28}.Debug|x86.ActiveCfg = Debug|x86
		{9E4AFB56-6EE2-4CBA-B929-74BC287A8D28}.Debug|x86.Build.0 = Debug|x86
		{9E4AFB56-6EE2-4CBA-B929-74BC287A8D28}.Release|ARM.ActiveCfg = Release|ARM
		{9E4AFB56-6EE2-4CBA-B929-74BC287A8D28}.Release|ARM.Build.0 = Release|ARM
		{9E4AFB56-6EE2-4CBA-B929-74BC287A8D28}.Release|ARM64.ActiveCfg = Release|ARM64
		{9E4AFB56-6EE2-4CBA-B929-74BC287A8D28}.Release|ARM64.Build.0 = Release|ARM64
		{9E4AFB56-6EE2-4CBA-B929-74BC287A8D28}.Release|x64.ActiveCfg = Release|x64
		{9E4AFB56-6EE2-4CBA-B929-74BC287A8D28}.Release|x64.Build.0 = Release|x64
		{9E4AFB56-6EE2-4CBA-B929-74BC287A8D28}.Release|x86.ActiveCfg = Release|x86
		{9E4AFB56-6EE2-4CBA-B929-74BC287A8D28}.Release|x86.Build.0 = Release|x86
	EndGlobalSection
	GlobalSection(SolutionProperties) = preSolution
		HideSolutionNode = FALSE
	EndGlobalSection
EndGlobal
