<?xml version="1.0" encoding="utf-8"?>
<Project ToolsVersion="4.0" xmlns="http://schemas.microsoft.com/developer/msbuild/2003">
  <ItemGroup>
    <Filter Include="MemoryPool">
      <UniqueIdentifier>{b84b306b-5030-4a9d-9b3f-dadb5c3c0654}</UniqueIdentifier>
    </Filter>
    <Filter Include="ObjectPool">
      <UniqueIdentifier>{d6432464-dc84-4a0e-92dd-317a00366b20}</UniqueIdentifier>
    </Filter>
    <Filter Include="Task">
      <UniqueIdentifier>{eb5863b3-f63b-49c6-9062-85fb3958e651}</UniqueIdentifier>
    </Filter>
    <Filter Include="Timer">
      <UniqueIdentifier>{dbf0f7fa-94e1-41b1-9d1d-0b15db07a2c6}</UniqueIdentifier>
    </Filter>
    <Filter Include="Common">
      <UniqueIdentifier>{1613a140-deab-49a0-af49-057424398a80}</UniqueIdentifier>
    </Filter>
    <Filter Include="Cpp">
      <UniqueIdentifier>{4FC737F1-C7A5-4376-A066-2A32D752A2FF}</UniqueIdentifier>
      <Extensions>cpp;c;cc;cxx;def;odl;idl;hpj;bat;asm;asmx</Extensions>
    </Filter>
    <Filter Include="Server">
      <UniqueIdentifier>{d2b94f72-6fff-4df8-86e5-752df2628b7d}</UniqueIdentifier>
    </Filter>
    <Filter Include="Signal">
      <UniqueIdentifier>{2ca6829b-ba36-46c5-b741-5896ce27fa71}</UniqueIdentifier>
    </Filter>
    <Filter Include="Thread">
      <UniqueIdentifier>{2bf634c9-e3ec-4b97-bee3-04ab912ce6c2}</UniqueIdentifier>
    </Filter>
    <Filter Include="Buffer">
      <UniqueIdentifier>{632c3525-6629-4831-8ef8-3ff5ff93d2d7}</UniqueIdentifier>
    </Filter>
    <Filter Include="Log">
      <UniqueIdentifier>{4b6d9c8d-e37f-4054-a548-e7a297f0d605}</UniqueIdentifier>
    </Filter>
  </ItemGroup>
  <ItemGroup>
    <ClCompile Include="..\Memory\XMemory.cpp">
      <Filter>MemoryPool</Filter>
    </ClCompile>
    <ClCompile Include="..\Memory\XMemoryBlock.cpp">
      <Filter>MemoryPool</Filter>
    </ClCompile>
    <ClCompile Include="..\Memory\XMemoryManager.cpp">
      <Filter>MemoryPool</Filter>
    </ClCompile>
    <ClCompile Include="..\Memory\XMemoryPool.cpp">
      <Filter>MemoryPool</Filter>
    </ClCompile>
    <ClCompile Include="XTaskServer.cpp">
      <Filter>Task</Filter>
    </ClCompile>
    <ClCompile Include="main.cpp">
      <Filter>Cpp</Filter>
    </ClCompile>
    <ClCompile Include="XClient.cpp">
      <Filter>Server</Filter>
    </ClCompile>
    <ClCompile Include="XReceiveServer.cpp">
      <Filter>Server</Filter>
    </ClCompile>
    <ClCompile Include="XServer.cpp">
      <Filter>Server</Filter>
    </ClCompile>
    <ClCompile Include="MyServer.cpp">
      <Filter>Server</Filter>
    </ClCompile>
    <ClCompile Include="..\Timer\XTimer.cpp">
      <Filter>Timer</Filter>
    </ClCompile>
    <ClCompile Include="XSignal.cpp">
      <Filter>Signal</Filter>
    </ClCompile>
    <ClCompile Include="XThread.cpp">
      <Filter>Thread</Filter>
    </ClCompile>
    <ClCompile Include="XBuffer.cpp">
      <Filter>Buffer</Filter>
    </ClCompile>
    <ClCompile Include="..\Log\XLog.cpp">
      <Filter>Log</Filter>
    </ClCompile>
    <ClCompile Include="XMariaDB.cpp">
      <Filter>Cpp</Filter>
    </ClCompile>
    <ClCompile Include="XMariaDBConnect.cpp">
      <Filter>Cpp</Filter>
    </ClCompile>
  </ItemGroup>
  <ItemGroup>
    <ClInclude Include="..\Memory\XMemory.h">
      <Filter>MemoryPool</Filter>
    </ClInclude>
    <ClInclude Include="..\Memory\XMemoryBlock.h">
      <Filter>MemoryPool</Filter>
    </ClInclude>
    <ClInclude Include="..\Memory\XMemoryManager.h">
      <Filter>MemoryPool</Filter>
    </ClInclude>
    <ClInclude Include="..\Memory\XMemoryPool.h">
      <Filter>MemoryPool</Filter>
    </ClInclude>
    <ClInclude Include="..\Object\XObjectPool.h">
      <Filter>ObjectPool</Filter>
    </ClInclude>
    <ClInclude Include="XTaskServer.h">
      <Filter>Task</Filter>
    </ClInclude>
    <ClInclude Include="XCommon.h">
      <Filter>Common</Filter>
    </ClInclude>
    <ClInclude Include="XClient.h">
      <Filter>Server</Filter>
    </ClInclude>
    <ClInclude Include="XIEvent.h">
      <Filter>Server</Filter>
    </ClInclude>
    <ClInclude Include="XReceiveServer.h">
      <Filter>Server</Filter>
    </ClInclude>
    <ClInclude Include="XServer.h">
      <Filter>Server</Filter>
    </ClInclude>
    <ClInclude Include="MyServer.h">
      <Filter>Server</Filter>
    </ClInclude>
    <ClInclude Include="..\Object\XObject.h">
      <Filter>ObjectPool</Filter>
    </ClInclude>
    <ClInclude Include="..\Timer\XTimer.h">
      <Filter>Timer</Filter>
    </ClInclude>
    <ClInclude Include="XSignal.h">
      <Filter>Signal</Filter>
    </ClInclude>
    <ClInclude Include="XThread.h">
      <Filter>Thread</Filter>
    </ClInclude>
    <ClInclude Include="XBuffer.h">
      <Filter>Buffer</Filter>
    </ClInclude>
    <ClInclude Include="MsgProtocol.h">
      <Filter>Cpp</Filter>
    </ClInclude>
    <ClInclude Include="..\Log\XLog.h">
      <Filter>Log</Filter>
    </ClInclude>
    <ClInclude Include="XMariaDB.h" />
    <ClInclude Include="XMariaDBConnect.h" />
  </ItemGroup>
</Project>