<?xml version="1.0" encoding="utf-8"?>
<Project ToolsVersion="4.0" xmlns="http://schemas.microsoft.com/developer/msbuild/2003">
  <ItemGroup>
    <Filter Include="Cpp">
      <UniqueIdentifier>{4FC737F1-C7A5-4376-A066-2A32D752A2FF}</UniqueIdentifier>
      <Extensions>cpp;c;cc;cxx;def;odl;idl;hpj;bat;asm;asmx</Extensions>
    </Filter>
    <Filter Include="XSrc">
      <UniqueIdentifier>{2b9cf1a0-6970-42f3-8491-53f39a16606b}</UniqueIdentifier>
    </Filter>
    <Filter Include="XSrc\Server">
      <UniqueIdentifier>{4085c83a-e4f3-4200-ba1a-59a32125ef19}</UniqueIdentifier>
    </Filter>
  </ItemGroup>
  <ItemGroup>
    <ClCompile Include="main.cpp">
      <Filter>Cpp</Filter>
    </ClCompile>
    <ClCompile Include="..\XSrc\Server\XClient.cpp">
      <Filter>XSrc\Server</Filter>
    </ClCompile>
    <ClCompile Include="..\XSrc\Server\XTCPClient.cpp">
      <Filter>XSrc\Server</Filter>
    </ClCompile>
    <ClCompile Include="..\XSrc\Server\XNet.cpp">
      <Filter>XSrc\Server</Filter>
    </ClCompile>
  </ItemGroup>
  <ItemGroup>
    <ClInclude Include="..\XSrc\Server\XClient.h">
      <Filter>XSrc\Server</Filter>
    </ClInclude>
    <ClInclude Include="..\XSrc\Server\XTCPClient.h">
      <Filter>XSrc\Server</Filter>
    </ClInclude>
    <ClInclude Include="..\XSrc\Server\XNet.h">
      <Filter>XSrc\Server</Filter>
    </ClInclude>
    <ClInclude Include="..\XSrc\Server\XIGlobalEvent.h">
      <Filter>XSrc\Server</Filter>
    </ClInclude>
  </ItemGroup>
</Project>