<?xml version="1.0" encoding="utf-8"?>
<Project ToolsVersion="4.0" xmlns="http://schemas.microsoft.com/developer/msbuild/2003">
  <ItemGroup>
    <Filter Include="Source Files">
      <UniqueIdentifier>{4FC737F1-C7A5-4376-A066-2A32D752A2FF}</UniqueIdentifier>
      <Extensions>cpp;c;cc;cxx;def;odl;idl;hpj;bat;asm;asmx</Extensions>
    </Filter>
    <Filter Include="Header Files">
      <UniqueIdentifier>{93995380-89BD-4b04-88EB-625FBE52EBFB}</UniqueIdentifier>
      <Extensions>h;hh;hpp;hxx;hm;inl;inc;xsd</Extensions>
    </Filter>
    <Filter Include="Resource Files">
      <UniqueIdentifier>{67DA6AB6-F800-4c08-8B7A-83BB121AAD01}</UniqueIdentifier>
      <Extensions>rc;ico;cur;bmp;dlg;rc2;rct;bin;rgs;gif;jpg;jpeg;jpe;resx;tiff;tif;png;wav;mfcribbon-ms</Extensions>
    </Filter>
    <Filter Include="XSrc">
      <UniqueIdentifier>{c9da1e52-d454-4bea-915d-1ff663a5e8ed}</UniqueIdentifier>
    </Filter>
  </ItemGroup>
  <ItemGroup>
    <ClCompile Include="main.cpp">
      <Filter>Source Files</Filter>
    </ClCompile>
    <ClCompile Include="MyClient.cpp">
      <Filter>Source Files</Filter>
    </ClCompile>
    <ClCompile Include="..\XSrc\XBuffer.cpp">
      <Filter>XSrc</Filter>
    </ClCompile>
    <ClCompile Include="..\XSrc\XByteStream.cpp">
      <Filter>XSrc</Filter>
    </ClCompile>
    <ClCompile Include="..\XSrc\XClient.cpp">
      <Filter>XSrc</Filter>
    </ClCompile>
    <ClCompile Include="..\XSrc\XLog.cpp">
      <Filter>XSrc</Filter>
    </ClCompile>
    <ClCompile Include="..\XSrc\XMemory.cpp">
      <Filter>XSrc</Filter>
    </ClCompile>
    <ClCompile Include="..\XSrc\XMemoryBlock.cpp">
      <Filter>XSrc</Filter>
    </ClCompile>
    <ClCompile Include="..\XSrc\XMemoryManager.cpp">
      <Filter>XSrc</Filter>
    </ClCompile>
    <ClCompile Include="..\XSrc\XMemoryPool.cpp">
      <Filter>XSrc</Filter>
    </ClCompile>
    <ClCompile Include="..\XSrc\XNet.cpp">
      <Filter>XSrc</Filter>
    </ClCompile>
    <ClCompile Include="..\XSrc\XRecvByteStream.cpp">
      <Filter>XSrc</Filter>
    </ClCompile>
    <ClCompile Include="..\XSrc\XSendByteStream.cpp">
      <Filter>XSrc</Filter>
    </ClCompile>
    <ClCompile Include="..\XSrc\XServer.cpp">
      <Filter>XSrc</Filter>
    </ClCompile>
    <ClCompile Include="..\XSrc\XSignal.cpp">
      <Filter>XSrc</Filter>
    </ClCompile>
    <ClCompile Include="..\XSrc\XTaskServer.cpp">
      <Filter>XSrc</Filter>
    </ClCompile>
    <ClCompile Include="..\XSrc\XTCPClient.cpp">
      <Filter>XSrc</Filter>
    </ClCompile>
    <ClCompile Include="..\XSrc\XTCPServer.cpp">
      <Filter>XSrc</Filter>
    </ClCompile>
    <ClCompile Include="..\XSrc\XThread.cpp">
      <Filter>XSrc</Filter>
    </ClCompile>
    <ClCompile Include="..\XSrc\XTimer.cpp">
      <Filter>XSrc</Filter>
    </ClCompile>
    <ClCompile Include="..\XSrc\XFdSet.cpp">
      <Filter>XSrc</Filter>
    </ClCompile>
    <ClCompile Include="..\XSrc\XConfig.cpp">
      <Filter>XSrc</Filter>
    </ClCompile>
  </ItemGroup>
  <ItemGroup>
    <ClInclude Include="MyClient.h">
      <Filter>Source Files</Filter>
    </ClInclude>
    <ClInclude Include="..\XSrc\MsgProtocol.h">
      <Filter>XSrc</Filter>
    </ClInclude>
    <ClInclude Include="..\XSrc\XBuffer.h">
      <Filter>XSrc</Filter>
    </ClInclude>
    <ClInclude Include="..\XSrc\XByteStream.h">
      <Filter>XSrc</Filter>
    </ClInclude>
    <ClInclude Include="..\XSrc\XClient.h">
      <Filter>XSrc</Filter>
    </ClInclude>
    <ClInclude Include="..\XSrc\XCommon.h">
      <Filter>XSrc</Filter>
    </ClInclude>
    <ClInclude Include="..\XSrc\XIGlobalEvent.h">
      <Filter>XSrc</Filter>
    </ClInclude>
    <ClInclude Include="..\XSrc\XIServerEvent.h">
      <Filter>XSrc</Filter>
    </ClInclude>
    <ClInclude Include="..\XSrc\XLog.h">
      <Filter>XSrc</Filter>
    </ClInclude>
    <ClInclude Include="..\XSrc\XMemory.h">
      <Filter>XSrc</Filter>
    </ClInclude>
    <ClInclude Include="..\XSrc\XMemoryBlock.h">
      <Filter>XSrc</Filter>
    </ClInclude>
    <ClInclude Include="..\XSrc\XMemoryManager.h">
      <Filter>XSrc</Filter>
    </ClInclude>
    <ClInclude Include="..\XSrc\XMemoryPool.h">
      <Filter>XSrc</Filter>
    </ClInclude>
    <ClInclude Include="..\XSrc\XNet.h">
      <Filter>XSrc</Filter>
    </ClInclude>
    <ClInclude Include="..\XSrc\XObject.h">
      <Filter>XSrc</Filter>
    </ClInclude>
    <ClInclude Include="..\XSrc\XObjectPool.h">
      <Filter>XSrc</Filter>
    </ClInclude>
    <ClInclude Include="..\XSrc\XRecvByteStream.h">
      <Filter>XSrc</Filter>
    </ClInclude>
    <ClInclude Include="..\XSrc\XSendByteStream.h">
      <Filter>XSrc</Filter>
    </ClInclude>
    <ClInclude Include="..\XSrc\XServer.h">
      <Filter>XSrc</Filter>
    </ClInclude>
    <ClInclude Include="..\XSrc\XSignal.h">
      <Filter>XSrc</Filter>
    </ClInclude>
    <ClInclude Include="..\XSrc\XTaskServer.h">
      <Filter>XSrc</Filter>
    </ClInclude>
    <ClInclude Include="..\XSrc\XTCPClient.h">
      <Filter>XSrc</Filter>
    </ClInclude>
    <ClInclude Include="..\XSrc\XTCPServer.h">
      <Filter>XSrc</Filter>
    </ClInclude>
    <ClInclude Include="..\XSrc\XThread.h">
      <Filter>XSrc</Filter>
    </ClInclude>
    <ClInclude Include="..\XSrc\XTimer.h">
      <Filter>XSrc</Filter>
    </ClInclude>
    <ClInclude Include="..\XSrc\XFdSet.h">
      <Filter>XSrc</Filter>
    </ClInclude>
    <ClInclude Include="..\XSrc\XConfig.h">
      <Filter>XSrc</Filter>
    </ClInclude>
  </ItemGroup>
</Project>